
Microsoft Visual Studio Solution File, Format Version 12.00
# Visual Studio Version 17
VisualStudioVersion = 17.1.32328.378
MinimumVisualStudioVersion = 10.0.40219.1
Project("{FAE04EC0-301F-11D3-BF4B-00C04F79EFBC}") = "ScrumBoard", "ScrumBoard\ScrumBoard.csproj", "{113ED490-A97B-4979-A2E8-421319C3228E}"
EndProject
Global
	GlobalSection(SolutionConfigurationPlatforms) = preSolution
		Debug|Any CPU = Debug|Any CPU
		Release|Any CPU = Release|Any CPU
	EndGlobalSection
	GlobalSection(ProjectConfigurationPlatforms) = postSolution
		{113ED490-A97B-4979-A2E8-421319C3228E}.Debug|Any CPU.ActiveCfg = Debug|Any CPU
		{113ED490-A97B-4979-A2E8-421319C3228E}.Debug|Any CPU.Build.0 = Debug|Any CPU
		{113ED490-A97B-4979-A2E8-421319C3228E}.Release|Any CPU.ActiveCfg = Release|Any CPU
		{113ED490-A97B-4979-A2E8-421319C3228E}.Release|Any CPU.Build.0 = Release|Any CPU
	EndGlobalSection
	GlobalSection(SolutionProperties) = preSolution
		HideSolutionNode = FALSE
	EndGlobalSection
	GlobalSection(ExtensibilityGlobals) = postSolution
		SolutionGuid = {19B1516B-5A97-4BC6-A85F-E251AC6F4D6B}
	EndGlobalSection
EndGlobal
